
Microsoft Visual Studio Solution File, Format Version 12.00
# Visual Studio Version 16
VisualStudioVersion = 16.0.29721.120
MinimumVisualStudioVersion = 10.0.40219.1
Project("{FAE04EC0-301F-11D3-BF4B-00C04F79EFBC}") = "Tests", "Tests\Tests.csproj", "{721DAEDA-6B62-48DB-9A33-76F261DB1373}"
EndProject
Global
	GlobalSection(SolutionConfigurationPlatforms) = preSolution
		Debug|Any CPU = Debug|Any CPU
		Release|Any CPU = Release|Any CPU
	EndGlobalSection
	GlobalSection(ProjectConfigurationPlatforms) = postSolution
		{721DAEDA-6B62-48DB-9A33-76F261DB1373}.Debug|Any CPU.ActiveCfg = Debug|Any CPU
		{721DAEDA-6B62-48DB-9A33-76F261DB1373}.Debug|Any CPU.Build.0 = Debug|Any CPU
		{721DAEDA-6B62-48DB-9A33-76F261DB1373}.Release|Any CPU.ActiveCfg = Release|Any CPU
		{721DAEDA-6B62-48DB-9A33-76F261DB1373}.Release|Any CPU.Build.0 = Release|Any CPU
	EndGlobalSection
	GlobalSection(SolutionProperties) = preSolution
		HideSolutionNode = FALSE
	EndGlobalSection
	GlobalSection(ExtensibilityGlobals) = postSolution
		SolutionGuid = {B0B00531-A627-4BF6-AC5A-EACCCDF4AE6D}
	EndGlobalSection
EndGlobal
